DEPENDENCIES
  lita
    path: .
    metadata: true

GRAPH
  7-zip (1.0.2)
    windows (>= 1.2.2)
  apt (2.4.0)
  ark (0.9.0)
    7-zip (>= 0.0.0)
    windows (>= 0.0.0)
  build-essential (2.0.4)
  chef_handler (1.1.6)
  lita (0.0.1)
    apt (>= 0.0.0)
    build-essential (>= 0.0.0)
    redis2 (~> 0.5.0)
    ruby-ng (~> 0.1.1)
  redis2 (0.5.0)
    ark (>= 0.0.0)
    build-essential (>= 0.0.0)
    runit (>= 1.0.0)
  ruby-ng (0.1.1)
    apt (>= 0.0.0)
  runit (1.5.10)
    build-essential (>= 0.0.0)
    yum (~> 3.0)
    yum-epel (>= 0.0.0)
  windows (1.33.1)
    chef_handler (>= 0.0.0)
  yum (3.2.2)
  yum-epel (0.3.6)
    yum (~> 3.0)
